
Microsoft Visual Studio Solution File, Format Version 12.00
# Visual Studio Version 16
VisualStudioVersion = 16.0.31410.357
MinimumVisualStudioVersion = 10.0.40219.1
Project("{FAE04EC0-301F-11D3-BF4B-00C04F79EFBC}") = "StringBuilder", "StringBuilder\StringBuilder.csproj", "{742B94B2-C0B5-498A-BAF6-126E3D87F8E1}"
EndProject
Global
	GlobalSection(SolutionConfigurationPlatforms) = preSolution
		Debug|Any CPU = Debug|Any CPU
		Release|Any CPU = Release|Any CPU
	EndGlobalSection
	GlobalSection(ProjectConfigurationPlatforms) = postSolution
		{742B94B2-C0B5-498A-BAF6-126E3D87F8E1}.Debug|Any CPU.ActiveCfg = Debug|Any CPU
		{742B94B2-C0B5-498A-BAF6-126E3D87F8E1}.Debug|Any CPU.Build.0 = Debug|Any CPU
		{742B94B2-C0B5-498A-BAF6-126E3D87F8E1}.Release|Any CPU.ActiveCfg = Release|Any CPU
		{742B94B2-C0B5-498A-BAF6-126E3D87F8E1}.Release|Any CPU.Build.0 = Release|Any CPU
	EndGlobalSection
	GlobalSection(SolutionProperties) = preSolution
		HideSolutionNode = FALSE
	EndGlobalSection
	GlobalSection(ExtensibilityGlobals) = postSolution
		SolutionGuid = {AC555E94-C3B9-461B-9A4A-82096A36B64D}
	EndGlobalSection
EndGlobal
